
Microsoft Visual Studio Solution File, Format Version 12.00
# Visual Studio Version 17
VisualStudioVersion = 17.12.35527.113 d17.12
MinimumVisualStudioVersion = 10.0.40219.1
Project("{FAE04EC0-301F-11D3-BF4B-00C04F79EFBC}") = "CustomerCommonLib", "CustomerCommonLib\CustomerCommonLib.csproj", "{206145CE-46FC-4BA3-908E-1CC7F1112289}"
EndProject
Project("{FAE04EC0-301F-11D3-BF4B-00C04F79EFBC}") = "SerializationApp", "SerializationApp\SerializationApp.csproj", "{FA4550E3-9671-4247-BC10-5BBC0DA641B2}"
EndProject
Project("{FAE04EC0-301F-11D3-BF4B-00C04F79EFBC}") = "Deserialization", "Deserialization\Deserialization.csproj", "{0C7FA445-8A40-47AB-8847-DB77C360D633}"
EndProject
Global
	GlobalSection(SolutionConfigurationPlatforms) = preSolution
		Debug|Any CPU = Debug|Any CPU
		Release|Any CPU = Release|Any CPU
	EndGlobalSection
	GlobalSection(ProjectConfigurationPlatforms) = postSolution
		{206145CE-46FC-4BA3-908E-1CC7F1112289}.Debug|Any CPU.ActiveCfg = Debug|Any CPU
		{206145CE-46FC-4BA3-908E-1CC7F1112289}.Debug|Any CPU.Build.0 = Debug|Any CPU
		{206145CE-46FC-4BA3-908E-1CC7F1112289}.Release|Any CPU.ActiveCfg = Release|Any CPU
		{206145CE-46FC-4BA3-908E-1CC7F1112289}.Release|Any CPU.Build.0 = Release|Any CPU
		{FA4550E3-9671-4247-BC10-5BBC0DA641B2}.Debug|Any CPU.ActiveCfg = Debug|Any CPU
		{FA4550E3-9671-4247-BC10-5BBC0DA641B2}.Debug|Any CPU.Build.0 = Debug|Any CPU
		{FA4550E3-9671-4247-BC10-5BBC0DA641B2}.Release|Any CPU.ActiveCfg = Release|Any CPU
		{FA4550E3-9671-4247-BC10-5BBC0DA641B2}.Release|Any CPU.Build.0 = Release|Any CPU
		{0C7FA445-8A40-47AB-8847-DB77C360D633}.Debug|Any CPU.ActiveCfg = Debug|Any CPU
		{0C7FA445-8A40-47AB-8847-DB77C360D633}.Debug|Any CPU.Build.0 = Debug|Any CPU
		{0C7FA445-8A40-47AB-8847-DB77C360D633}.Release|Any CPU.ActiveCfg = Release|Any CPU
		{0C7FA445-8A40-47AB-8847-DB77C360D633}.Release|Any CPU.Build.0 = Release|Any CPU
	EndGlobalSection
	GlobalSection(SolutionProperties) = preSolution
		HideSolutionNode = FALSE
	EndGlobalSection
EndGlobal
