
Microsoft Visual Studio Solution File, Format Version 12.00
# Visual Studio Version 17
VisualStudioVersion = 17.13.35806.99 d17.13
MinimumVisualStudioVersion = 10.0.40219.1
Project("{FAE04EC0-301F-11D3-BF4B-00C04F79EFBC}") = "StronglyTypedViewApp", "StronglyTypedViewApp.csproj", "{4D2E18B3-AD37-4BE0-BFCF-8EE5DFB64543}"
EndProject
Global
	GlobalSection(SolutionConfigurationPlatforms) = preSolution
		Debug|Any CPU = Debug|Any CPU
		Release|Any CPU = Release|Any CPU
	EndGlobalSection
	GlobalSection(ProjectConfigurationPlatforms) = postSolution
		{4D2E18B3-AD37-4BE0-BFCF-8EE5DFB64543}.Debug|Any CPU.ActiveCfg = Debug|Any CPU
		{4D2E18B3-AD37-4BE0-BFCF-8EE5DFB64543}.Debug|Any CPU.Build.0 = Debug|Any CPU
		{4D2E18B3-AD37-4BE0-BFCF-8EE5DFB64543}.Release|Any CPU.ActiveCfg = Release|Any CPU
		{4D2E18B3-AD37-4BE0-BFCF-8EE5DFB64543}.Release|Any CPU.Build.0 = Release|Any CPU
	EndGlobalSection
	GlobalSection(SolutionProperties) = preSolution
		HideSolutionNode = FALSE
	EndGlobalSection
	GlobalSection(ExtensibilityGlobals) = postSolution
		SolutionGuid = {3C4992C5-B7F1-4636-BB64-537E21E03338}
	EndGlobalSection
EndGlobal
