
Microsoft Visual Studio Solution File, Format Version 12.00
# Visual Studio Version 17
VisualStudioVersion = 17.13.35806.99 d17.13
MinimumVisualStudioVersion = 10.0.40219.1
Project("{FAE04EC0-301F-11D3-BF4B-00C04F79EFBC}") = "CustomValidationAttributeApp", "CustomValidationAttributeApp.csproj", "{59E5FCD0-17B4-4B08-B1DB-70AE9CAC3D91}"
EndProject
Global
	GlobalSection(SolutionConfigurationPlatforms) = preSolution
		Debug|Any CPU = Debug|Any CPU
		Release|Any CPU = Release|Any CPU
	EndGlobalSection
	GlobalSection(ProjectConfigurationPlatforms) = postSolution
		{59E5FCD0-17B4-4B08-B1DB-70AE9CAC3D91}.Debug|Any CPU.ActiveCfg = Debug|Any CPU
		{59E5FCD0-17B4-4B08-B1DB-70AE9CAC3D91}.Debug|Any CPU.Build.0 = Debug|Any CPU
		{59E5FCD0-17B4-4B08-B1DB-70AE9CAC3D91}.Release|Any CPU.ActiveCfg = Release|Any CPU
		{59E5FCD0-17B4-4B08-B1DB-70AE9CAC3D91}.Release|Any CPU.Build.0 = Release|Any CPU
	EndGlobalSection
	GlobalSection(SolutionProperties) = preSolution
		HideSolutionNode = FALSE
	EndGlobalSection
	GlobalSection(ExtensibilityGlobals) = postSolution
		SolutionGuid = {2134C7FC-4FA0-4623-9AA3-866A6C6D828F}
	EndGlobalSection
EndGlobal
