
Microsoft Visual Studio Solution File, Format Version 12.00
# Visual Studio Version 17
VisualStudioVersion = 17.13.35806.99 d17.13
MinimumVisualStudioVersion = 10.0.40219.1
Project("{FAE04EC0-301F-11D3-BF4B-00C04F79EFBC}") = "RedirectControllerActionApp", "RedirectControllerActionApp.csproj", "{D5876C46-E3A1-48C7-8D75-B4C262600C90}"
EndProject
Global
	GlobalSection(SolutionConfigurationPlatforms) = preSolution
		Debug|Any CPU = Debug|Any CPU
		Release|Any CPU = Release|Any CPU
	EndGlobalSection
	GlobalSection(ProjectConfigurationPlatforms) = postSolution
		{D5876C46-E3A1-48C7-8D75-B4C262600C90}.Debug|Any CPU.ActiveCfg = Debug|Any CPU
		{D5876C46-E3A1-48C7-8D75-B4C262600C90}.Debug|Any CPU.Build.0 = Debug|Any CPU
		{D5876C46-E3A1-48C7-8D75-B4C262600C90}.Release|Any CPU.ActiveCfg = Release|Any CPU
		{D5876C46-E3A1-48C7-8D75-B4C262600C90}.Release|Any CPU.Build.0 = Release|Any CPU
	EndGlobalSection
	GlobalSection(SolutionProperties) = preSolution
		HideSolutionNode = FALSE
	EndGlobalSection
	GlobalSection(ExtensibilityGlobals) = postSolution
		SolutionGuid = {A6CC4F00-763C-4F43-9F36-8C82BEC91DEB}
	EndGlobalSection
EndGlobal
