
Microsoft Visual Studio Solution File, Format Version 12.00
# Visual Studio Version 17
VisualStudioVersion = 17.13.35806.99 d17.13
MinimumVisualStudioVersion = 10.0.40219.1
Project("{FAE04EC0-301F-11D3-BF4B-00C04F79EFBC}") = "LoggingAuthCatchMiddilewareWithClassApp", "LoggingAuthCatchMiddilewareWithClassApp.csproj", "{F394CE1E-9035-45D4-8150-E8858779E60A}"
EndProject
Global
	GlobalSection(SolutionConfigurationPlatforms) = preSolution
		Debug|Any CPU = Debug|Any CPU
		Release|Any CPU = Release|Any CPU
	EndGlobalSection
	GlobalSection(ProjectConfigurationPlatforms) = postSolution
		{F394CE1E-9035-45D4-8150-E8858779E60A}.Debug|Any CPU.ActiveCfg = Debug|Any CPU
		{F394CE1E-9035-45D4-8150-E8858779E60A}.Debug|Any CPU.Build.0 = Debug|Any CPU
		{F394CE1E-9035-45D4-8150-E8858779E60A}.Release|Any CPU.ActiveCfg = Release|Any CPU
		{F394CE1E-9035-45D4-8150-E8858779E60A}.Release|Any CPU.Build.0 = Release|Any CPU
	EndGlobalSection
	GlobalSection(SolutionProperties) = preSolution
		HideSolutionNode = FALSE
	EndGlobalSection
	GlobalSection(ExtensibilityGlobals) = postSolution
		SolutionGuid = {C35A45B7-1A97-41B7-9E28-2685C298BBFA}
	EndGlobalSection
EndGlobal
