
Microsoft Visual Studio Solution File, Format Version 12.00
# Visual Studio Version 17
VisualStudioVersion = 17.13.35806.99 d17.13
MinimumVisualStudioVersion = 10.0.40219.1
Project("{FAE04EC0-301F-11D3-BF4B-00C04F79EFBC}") = "LoggingAuthCatchingMiddilewarewithFunctionApp", "LoggingAuthCatchingMiddilewarewithFunctionApp.csproj", "{6EFC31BD-EDBC-4549-8CDA-F806C58A2316}"
EndProject
Global
	GlobalSection(SolutionConfigurationPlatforms) = preSolution
		Debug|Any CPU = Debug|Any CPU
		Release|Any CPU = Release|Any CPU
	EndGlobalSection
	GlobalSection(ProjectConfigurationPlatforms) = postSolution
		{6EFC31BD-EDBC-4549-8CDA-F806C58A2316}.Debug|Any CPU.ActiveCfg = Debug|Any CPU
		{6EFC31BD-EDBC-4549-8CDA-F806C58A2316}.Debug|Any CPU.Build.0 = Debug|Any CPU
		{6EFC31BD-EDBC-4549-8CDA-F806C58A2316}.Release|Any CPU.ActiveCfg = Release|Any CPU
		{6EFC31BD-EDBC-4549-8CDA-F806C58A2316}.Release|Any CPU.Build.0 = Release|Any CPU
	EndGlobalSection
	GlobalSection(SolutionProperties) = preSolution
		HideSolutionNode = FALSE
	EndGlobalSection
	GlobalSection(ExtensibilityGlobals) = postSolution
		SolutionGuid = {4D590E52-C931-489D-BDF6-0C4FCB3F5C4D}
	EndGlobalSection
EndGlobal
