
Microsoft Visual Studio Solution File, Format Version 12.00
# Visual Studio Version 17
VisualStudioVersion = 17.12.35527.113 d17.12
MinimumVisualStudioVersion = 10.0.40219.1
Project("{FAE04EC0-301F-11D3-BF4B-00C04F79EFBC}") = "AccountCounterApp", "AccountCounterApp\AccountCounterApp.csproj", "{AC91418C-7AA7-45E1-8743-2AFB27D1E17D}"
EndProject
Global
	GlobalSection(SolutionConfigurationPlatforms) = preSolution
		Debug|Any CPU = Debug|Any CPU
		Release|Any CPU = Release|Any CPU
	EndGlobalSection
	GlobalSection(ProjectConfigurationPlatforms) = postSolution
		{AC91418C-7AA7-45E1-8743-2AFB27D1E17D}.Debug|Any CPU.ActiveCfg = Debug|Any CPU
		{AC91418C-7AA7-45E1-8743-2AFB27D1E17D}.Debug|Any CPU.Build.0 = Debug|Any CPU
		{AC91418C-7AA7-45E1-8743-2AFB27D1E17D}.Release|Any CPU.ActiveCfg = Release|Any CPU
		{AC91418C-7AA7-45E1-8743-2AFB27D1E17D}.Release|Any CPU.Build.0 = Release|Any CPU
	EndGlobalSection
	GlobalSection(SolutionProperties) = preSolution
		HideSolutionNode = FALSE
	EndGlobalSection
EndGlobal
